// !$*UTF8*$!
{
	archiveVersion = 1;
	classes = {
	};
	objectVersion = 56;
	objects = {

/* Begin PBXBuildFile section */
		4A2E86B22BAA6A4700FA9AC7 /* Roman to Integer.swift in Sources */ = {isa = PBXBuildFile; fileRef = 4A2E86B12BAA6A4700FA9AC7 /* Roman to Integer.swift */; };
		4A9B6E272BA7A2060039A320 /* main.swift in Sources */ = {isa = PBXBuildFile; fileRef = 4A9B6E262BA7A2060039A320 /* main.swift */; };
		4A9B6E2E2BA7A2190039A320 /* TwoSum.swift in Sources */ = {isa = PBXBuildFile; fileRef = 4A9B6E2D2BA7A2190039A320 /* TwoSum.swift */; };
		4A9B6E302BA7A2830039A320 /* Reverse String.swift in Sources */ = {isa = PBXBuildFile; fileRef = 4A9B6E2F2BA7A2830039A320 /* Reverse String.swift */; };
		4A9B6E322BA7A2B10039A320 /* Valid Palindrome.swift in Sources */ = {isa = PBXBuildFile; fileRef = 4A9B6E312BA7A2B10039A320 /* Valid Palindrome.swift */; };
		4AC3F3A22BAA7DF00093CEFE /* 181939.swift in Sources */ = {isa = PBXBuildFile; fileRef = 4AC3F3A12BAA7DF00093CEFE /* 181939.swift */; };
		4AC3F3A42BAA80DB0093CEFE /* 181920.swift in Sources */ = {isa = PBXBuildFile; fileRef = 4AC3F3A32BAA80DB0093CEFE /* 181920.swift */; };
		4AC3F3A62BAA82880093CEFE /* 181929.swift in Sources */ = {isa = PBXBuildFile; fileRef = 4AC3F3A52BAA82880093CEFE /* 181929.swift */; };
		4AC3F3A82BAA84BF0093CEFE /* 12928.swift in Sources */ = {isa = PBXBuildFile; fileRef = 4AC3F3A72BAA84BF0093CEFE /* 12928.swift */; };
		4AC3F3AA2BAA85EC0093CEFE /* 12925.swift in Sources */ = {isa = PBXBuildFile; fileRef = 4AC3F3A92BAA85EC0093CEFE /* 12925.swift */; };
		4AC3F3AC2BAA86E30093CEFE /* 12954.swift in Sources */ = {isa = PBXBuildFile; fileRef = 4AC3F3AB2BAA86E30093CEFE /* 12954.swift */; };
		4AC3F3AE2BAA87FE0093CEFE /* 12937.swift in Sources */ = {isa = PBXBuildFile; fileRef = 4AC3F3AD2BAA87FE0093CEFE /* 12937.swift */; };
		4AC3F3B02BAA89080093CEFE /* 12931.swift in Sources */ = {isa = PBXBuildFile; fileRef = 4AC3F3AF2BAA89080093CEFE /* 12931.swift */; };
		4AC3F3B22BAA8AAA0093CEFE /* 12944.swift in Sources */ = {isa = PBXBuildFile; fileRef = 4AC3F3B12BAA8AAA0093CEFE /* 12944.swift */; };
		4AC3F3B42BAA8BFA0093CEFE /* 12932.swift in Sources */ = {isa = PBXBuildFile; fileRef = 4AC3F3B32BAA8BFA0093CEFE /* 12932.swift */; };
		4AC3F3B62BAA8EAA0093CEFE /* 12916.swift in Sources */ = {isa = PBXBuildFile; fileRef = 4AC3F3B52BAA8EAA0093CEFE /* 12916.swift */; };
		4AC3F3B82BAA90BE0093CEFE /* 12934.swift in Sources */ = {isa = PBXBuildFile; fileRef = 4AC3F3B72BAA90BE0093CEFE /* 12934.swift */; };
		4AEF19902BA7D00F005FC752 /* Palindrome Number.swift in Sources */ = {isa = PBXBuildFile; fileRef = 4AEF198F2BA7D00F005FC752 /* Palindrome Number.swift */; };
/* End PBXBuildFile section */

/* Begin PBXCopyFilesBuildPhase section */
		4A9B6E212BA7A2060039A320 /* CopyFiles */ = {
			isa = PBXCopyFilesBuildPhase;
			buildActionMask = 2147483647;
			dstPath = /usr/share/man/man1/;
			dstSubfolderSpec = 0;
			files = (
			);
			runOnlyForDeploymentPostprocessing = 1;
		};
/* End PBXCopyFilesBuildPhase section */

/* Begin PBXFileReference section */
		4A2E86B12BAA6A4700FA9AC7 /* Roman to Integer.swift */ = {isa = PBXFileReference; lastKnownFileType = sourcecode.swift; path = "Roman to Integer.swift"; sourceTree = "<group>"; };
		4A9B6E232BA7A2060039A320 /* Algorithm */ = {isa = PBXFileReference; explicitFileType = "compiled.mach-o.executable"; includeInIndex = 0; path = Algorithm; sourceTree = BUILT_PRODUCTS_DIR; };
		4A9B6E262BA7A2060039A320 /* main.swift */ = {isa = PBXFileReference; lastKnownFileType = sourcecode.swift; path = main.swift; sourceTree = "<group>"; };
		4A9B6E2D2BA7A2190039A320 /* TwoSum.swift */ = {isa = PBXFileReference; lastKnownFileType = sourcecode.swift; path = TwoSum.swift; sourceTree = "<group>"; };
		4A9B6E2F2BA7A2830039A320 /* Reverse String.swift */ = {isa = PBXFileReference; lastKnownFileType = sourcecode.swift; path = "Reverse String.swift"; sourceTree = "<group>"; };
		4A9B6E312BA7A2B10039A320 /* Valid Palindrome.swift */ = {isa = PBXFileReference; lastKnownFileType = sourcecode.swift; path = "Valid Palindrome.swift"; sourceTree = "<group>"; };
		4AC3F3A12BAA7DF00093CEFE /* 181939.swift */ = {isa = PBXFileReference; lastKnownFileType = sourcecode.swift; path = 181939.swift; sourceTree = "<group>"; };
		4AC3F3A32BAA80DB0093CEFE /* 181920.swift */ = {isa = PBXFileReference; lastKnownFileType = sourcecode.swift; path = 181920.swift; sourceTree = "<group>"; };
		4AC3F3A52BAA82880093CEFE /* 181929.swift */ = {isa = PBXFileReference; lastKnownFileType = sourcecode.swift; path = 181929.swift; sourceTree = "<group>"; };
		4AC3F3A72BAA84BF0093CEFE /* 12928.swift */ = {isa = PBXFileReference; lastKnownFileType = sourcecode.swift; path = 12928.swift; sourceTree = "<group>"; };
		4AC3F3A92BAA85EC0093CEFE /* 12925.swift */ = {isa = PBXFileReference; lastKnownFileType = sourcecode.swift; path = 12925.swift; sourceTree = "<group>"; };
		4AC3F3AB2BAA86E30093CEFE /* 12954.swift */ = {isa = PBXFileReference; lastKnownFileType = sourcecode.swift; path = 12954.swift; sourceTree = "<group>"; };
		4AC3F3AD2BAA87FE0093CEFE /* 12937.swift */ = {isa = PBXFileReference; lastKnownFileType = sourcecode.swift; path = 12937.swift; sourceTree = "<group>"; };
		4AC3F3AF2BAA89080093CEFE /* 12931.swift */ = {isa = PBXFileReference; lastKnownFileType = sourcecode.swift; path = 12931.swift; sourceTree = "<group>"; };
		4AC3F3B12BAA8AAA0093CEFE /* 12944.swift */ = {isa = PBXFileReference; lastKnownFileType = sourcecode.swift; path = 12944.swift; sourceTree = "<group>"; };
		4AC3F3B32BAA8BFA0093CEFE /* 12932.swift */ = {isa = PBXFileReference; lastKnownFileType = sourcecode.swift; path = 12932.swift; sourceTree = "<group>"; };
		4AC3F3B52BAA8EAA0093CEFE /* 12916.swift */ = {isa = PBXFileReference; lastKnownFileType = sourcecode.swift; path = 12916.swift; sourceTree = "<group>"; };
		4AC3F3B72BAA90BE0093CEFE /* 12934.swift */ = {isa = PBXFileReference; lastKnownFileType = sourcecode.swift; path = 12934.swift; sourceTree = "<group>"; };
		4AEF198F2BA7D00F005FC752 /* Palindrome Number.swift */ = {isa = PBXFileReference; lastKnownFileType = sourcecode.swift; path = "Palindrome Number.swift"; sourceTree = "<group>"; };
/* End PBXFileReference section */

/* Begin PBXFrameworksBuildPhase section */
		4A9B6E202BA7A2060039A320 /* Frameworks */ = {
			isa = PBXFrameworksBuildPhase;
			buildActionMask = 2147483647;
			files = (
			);
			runOnlyForDeploymentPostprocessing = 0;
		};
/* End PBXFrameworksBuildPhase section */

/* Begin PBXGroup section */
		4A9B6E1A2BA7A2060039A320 = {
			isa = PBXGroup;
			children = (
				4A9B6E252BA7A2060039A320 /* Algorithm */,
				4A9B6E242BA7A2060039A320 /* Products */,
			);
			sourceTree = "<group>";
		};
		4A9B6E242BA7A2060039A320 /* Products */ = {
			isa = PBXGroup;
			children = (
				4A9B6E232BA7A2060039A320 /* Algorithm */,
			);
			name = Products;
			sourceTree = "<group>";
		};
		4A9B6E252BA7A2060039A320 /* Algorithm */ = {
			isa = PBXGroup;
			children = (
				4A9B6E262BA7A2060039A320 /* main.swift */,
				4A9B6E2D2BA7A2190039A320 /* TwoSum.swift */,
				4A9B6E2F2BA7A2830039A320 /* Reverse String.swift */,
				4A9B6E312BA7A2B10039A320 /* Valid Palindrome.swift */,
				4AEF198F2BA7D00F005FC752 /* Palindrome Number.swift */,
				4A2E86B12BAA6A4700FA9AC7 /* Roman to Integer.swift */,
				4AC3F3A12BAA7DF00093CEFE /* 181939.swift */,
				4AC3F3A32BAA80DB0093CEFE /* 181920.swift */,
				4AC3F3A52BAA82880093CEFE /* 181929.swift */,
				4AC3F3A72BAA84BF0093CEFE /* 12928.swift */,
				4AC3F3A92BAA85EC0093CEFE /* 12925.swift */,
				4AC3F3AB2BAA86E30093CEFE /* 12954.swift */,
				4AC3F3AD2BAA87FE0093CEFE /* 12937.swift */,
				4AC3F3AF2BAA89080093CEFE /* 12931.swift */,
				4AC3F3B12BAA8AAA0093CEFE /* 12944.swift */,
				4AC3F3B32BAA8BFA0093CEFE /* 12932.swift */,
				4AC3F3B52BAA8EAA0093CEFE /* 12916.swift */,
				4AC3F3B72BAA90BE0093CEFE /* 12934.swift */,
			);
			path = Algorithm;
			sourceTree = "<group>";
		};
/* End PBXGroup section */

/* Begin PBXNativeTarget section */
		4A9B6E222BA7A2060039A320 /* Algorithm */ = {
			isa = PBXNativeTarget;
			buildConfigurationList = 4A9B6E2A2BA7A2060039A320 /* Build configuration list for PBXNativeTarget "Algorithm" */;
			buildPhases = (
				4A9B6E1F2BA7A2060039A320 /* Sources */,
				4A9B6E202BA7A2060039A320 /* Frameworks */,
				4A9B6E212BA7A2060039A320 /* CopyFiles */,
			);
			buildRules = (
			);
			dependencies = (
			);
			name = Algorithm;
			productName = Algorithm;
			productReference = 4A9B6E232BA7A2060039A320 /* Algorithm */;
			productType = "com.apple.product-type.tool";
		};
/* End PBXNativeTarget section */

/* Begin PBXProject section */
		4A9B6E1B2BA7A2060039A320 /* Project object */ = {
			isa = PBXProject;
			attributes = {
				BuildIndependentTargetsInParallel = 1;
				LastSwiftUpdateCheck = 1530;
				LastUpgradeCheck = 1530;
				TargetAttributes = {
					4A9B6E222BA7A2060039A320 = {
						CreatedOnToolsVersion = 15.3;
					};
				};
			};
			buildConfigurationList = 4A9B6E1E2BA7A2060039A320 /* Build configuration list for PBXProject "Algorithm" */;
			compatibilityVersion = "Xcode 14.0";
			developmentRegion = en;
			hasScannedForEncodings = 0;
			knownRegions = (
				en,
				Base,
			);
			mainGroup = 4A9B6E1A2BA7A2060039A320;
			productRefGroup = 4A9B6E242BA7A2060039A320 /* Products */;
			projectDirPath = "";
			projectRoot = "";
			targets = (
				4A9B6E222BA7A2060039A320 /* Algorithm */,
			);
		};
/* End PBXProject section */

/* Begin PBXSourcesBuildPhase section */
		4A9B6E1F2BA7A2060039A320 /* Sources */ = {
			isa = PBXSourcesBuildPhase;
			buildActionMask = 2147483647;
			files = (
				4AC3F3B62BAA8EAA0093CEFE /* 12916.swift in Sources */,
				4AEF19902BA7D00F005FC752 /* Palindrome Number.swift in Sources */,
				4A9B6E322BA7A2B10039A320 /* Valid Palindrome.swift in Sources */,
				4AC3F3B02BAA89080093CEFE /* 12931.swift in Sources */,
				4AC3F3AE2BAA87FE0093CEFE /* 12937.swift in Sources */,
				4AC3F3A62BAA82880093CEFE /* 181929.swift in Sources */,
				4AC3F3AC2BAA86E30093CEFE /* 12954.swift in Sources */,
				4A9B6E2E2BA7A2190039A320 /* TwoSum.swift in Sources */,
				4AC3F3B42BAA8BFA0093CEFE /* 12932.swift in Sources */,
				4AC3F3AA2BAA85EC0093CEFE /* 12925.swift in Sources */,
				4AC3F3A22BAA7DF00093CEFE /* 181939.swift in Sources */,
				4AC3F3A42BAA80DB0093CEFE /* 181920.swift in Sources */,
				4AC3F3A82BAA84BF0093CEFE /* 12928.swift in Sources */,
				4A2E86B22BAA6A4700FA9AC7 /* Roman to Integer.swift in Sources */,
				4AC3F3B22BAA8AAA0093CEFE /* 12944.swift in Sources */,
				4AC3F3B82BAA90BE0093CEFE /* 12934.swift in Sources */,
				4A9B6E272BA7A2060039A320 /* main.swift in Sources */,
				4A9B6E302BA7A2830039A320 /* Reverse String.swift in Sources */,
			);
			runOnlyForDeploymentPostprocessing = 0;
		};
/* End PBXSourcesBuildPhase section */

/* Begin XCBuildConfiguration section */
		4A9B6E282BA7A2060039A320 /* Debug */ = {
			isa = XCBuildConfiguration;
			buildSettings = {
				ALWAYS_SEARCH_USER_PATHS = NO;
				ASSETCATALOG_COMPILER_GENERATE_SWIFT_ASSET_SYMBOL_EXTENSIONS = YES;
				CLANG_ANALYZER_NONNULL = YES;
				CLANG_ANALYZER_NUMBER_OBJECT_CONVERSION = YES_AGGRESSIVE;
				CLANG_CXX_LANGUAGE_STANDARD = "gnu++20";
				CLANG_ENABLE_MODULES = YES;
				CLANG_ENABLE_OBJC_ARC = YES;
				CLANG_ENABLE_OBJC_WEAK = YES;
				CLANG_WARN_BLOCK_CAPTURE_AUTORELEASING = YES;
				CLANG_WARN_BOOL_CONVERSION = YES;
				CLANG_WARN_COMMA = YES;
				CLANG_WARN_CONSTANT_CONVERSION = YES;
				CLANG_WARN_DEPRECATED_OBJC_IMPLEMENTATIONS = YES;
				CLANG_WARN_DIRECT_OBJC_ISA_USAGE = YES_ERROR;
				CLANG_WARN_DOCUMENTATION_COMMENTS = YES;
				CLANG_WARN_EMPTY_BODY = YES;
				CLANG_WARN_ENUM_CONVERSION = YES;
				CLANG_WARN_INFINITE_RECURSION = YES;
				CLANG_WARN_INT_CONVERSION = YES;
				CLANG_WARN_NON_LITERAL_NULL_CONVERSION = YES;
				CLANG_WARN_OBJC_IMPLICIT_RETAIN_SELF = YES;
				CLANG_WARN_OBJC_LITERAL_CONVERSION = YES;
				CLANG_WARN_OBJC_ROOT_CLASS = YES_ERROR;
				CLANG_WARN_QUOTED_INCLUDE_IN_FRAMEWORK_HEADER = YES;
				CLANG_WARN_RANGE_LOOP_ANALYSIS = YES;
				CLANG_WARN_STRICT_PROTOTYPES = YES;
				CLANG_WARN_SUSPICIOUS_MOVE = YES;
				CLANG_WARN_UNGUARDED_AVAILABILITY = YES_AGGRESSIVE;
				CLANG_WARN_UNREACHABLE_CODE = YES;
				CLANG_WARN__DUPLICATE_METHOD_MATCH = YES;
				COPY_PHASE_STRIP = NO;
				DEBUG_INFORMATION_FORMAT = dwarf;
				ENABLE_STRICT_OBJC_MSGSEND = YES;
				ENABLE_TESTABILITY = YES;
				ENABLE_USER_SCRIPT_SANDBOXING = YES;
				GCC_C_LANGUAGE_STANDARD = gnu17;
				GCC_DYNAMIC_NO_PIC = NO;
				GCC_NO_COMMON_BLOCKS = YES;
				GCC_OPTIMIZATION_LEVEL = 0;
				GCC_PREPROCESSOR_DEFINITIONS = (
					"DEBUG=1",
					"$(inherited)",
				);
				GCC_WARN_64_TO_32_BIT_CONVERSION = YES;
				GCC_WARN_ABOUT_RETURN_TYPE = YES_ERROR;
				GCC_WARN_UNDECLARED_SELECTOR = YES;
				GCC_WARN_UNINITIALIZED_AUTOS = YES_AGGRESSIVE;
				GCC_WARN_UNUSED_FUNCTION = YES;
				GCC_WARN_UNUSED_VARIABLE = YES;
				LOCALIZATION_PREFERS_STRING_CATALOGS = YES;
				MACOSX_DEPLOYMENT_TARGET = 14.3;
				MTL_ENABLE_DEBUG_INFO = INCLUDE_SOURCE;
				MTL_FAST_MATH = YES;
				ONLY_ACTIVE_ARCH = YES;
				SDKROOT = macosx;
				SWIFT_ACTIVE_COMPILATION_CONDITIONS = "DEBUG $(inherited)";
				SWIFT_OPTIMIZATION_LEVEL = "-Onone";
			};
			name = Debug;
		};
		4A9B6E292BA7A2060039A320 /* Release */ = {
			isa = XCBuildConfiguration;
			buildSettings = {
				ALWAYS_SEARCH_USER_PATHS = NO;
				ASSETCATALOG_COMPILER_GENERATE_SWIFT_ASSET_SYMBOL_EXTENSIONS = YES;
				CLANG_ANALYZER_NONNULL = YES;
				CLANG_ANALYZER_NUMBER_OBJECT_CONVERSION = YES_AGGRESSIVE;
				CLANG_CXX_LANGUAGE_STANDARD = "gnu++20";
				CLANG_ENABLE_MODULES = YES;
				CLANG_ENABLE_OBJC_ARC = YES;
				CLANG_ENABLE_OBJC_WEAK = YES;
				CLANG_WARN_BLOCK_CAPTURE_AUTORELEASING = YES;
				CLANG_WARN_BOOL_CONVERSION = YES;
				CLANG_WARN_COMMA = YES;
				CLANG_WARN_CONSTANT_CONVERSION = YES;
				CLANG_WARN_DEPRECATED_OBJC_IMPLEMENTATIONS = YES;
				CLANG_WARN_DIRECT_OBJC_ISA_USAGE = YES_ERROR;
				CLANG_WARN_DOCUMENTATION_COMMENTS = YES;
				CLANG_WARN_EMPTY_BODY = YES;
				CLANG_WARN_ENUM_CONVERSION = YES;
				CLANG_WARN_INFINITE_RECURSION = YES;
				CLANG_WARN_INT_CONVERSION = YES;
				CLANG_WARN_NON_LITERAL_NULL_CONVERSION = YES;
				CLANG_WARN_OBJC_IMPLICIT_RETAIN_SELF = YES;
				CLANG_WARN_OBJC_LITERAL_CONVERSION = YES;
				CLANG_WARN_OBJC_ROOT_CLASS = YES_ERROR;
				CLANG_WARN_QUOTED_INCLUDE_IN_FRAMEWORK_HEADER = YES;
				CLANG_WARN_RANGE_LOOP_ANALYSIS = YES;
				CLANG_WARN_STRICT_PROTOTYPES = YES;
				CLANG_WARN_SUSPICIOUS_MOVE = YES;
				CLANG_WARN_UNGUARDED_AVAILABILITY = YES_AGGRESSIVE;
				CLANG_WARN_UNREACHABLE_CODE = YES;
				CLANG_WARN__DUPLICATE_METHOD_MATCH = YES;
				COPY_PHASE_STRIP = NO;
				DEBUG_INFORMATION_FORMAT = "dwarf-with-dsym";
				ENABLE_NS_ASSERTIONS = NO;
				ENABLE_STRICT_OBJC_MSGSEND = YES;
				ENABLE_USER_SCRIPT_SANDBOXING = YES;
				GCC_C_LANGUAGE_STANDARD = gnu17;
				GCC_NO_COMMON_BLOCKS = YES;
				GCC_WARN_64_TO_32_BIT_CONVERSION = YES;
				GCC_WARN_ABOUT_RETURN_TYPE = YES_ERROR;
				GCC_WARN_UNDECLARED_SELECTOR = YES;
				GCC_WARN_UNINITIALIZED_AUTOS = YES_AGGRESSIVE;
				GCC_WARN_UNUSED_FUNCTION = YES;
				GCC_WARN_UNUSED_VARIABLE = YES;
				LOCALIZATION_PREFERS_STRING_CATALOGS = YES;
				MACOSX_DEPLOYMENT_TARGET = 14.3;
				MTL_ENABLE_DEBUG_INFO = NO;
				MTL_FAST_MATH = YES;
				SDKROOT = macosx;
				SWIFT_COMPILATION_MODE = wholemodule;
			};
			name = Release;
		};
		4A9B6E2B2BA7A2060039A320 /* Debug */ = {
			isa = XCBuildConfiguration;
			buildSettings = {
				CODE_SIGN_STYLE = Automatic;
				DEVELOPMENT_TEAM = 96B293Z3Y9;
				ENABLE_HARDENED_RUNTIME = YES;
				PRODUCT_NAME = "$(TARGET_NAME)";
				SWIFT_VERSION = 5.0;
			};
			name = Debug;
		};
		4A9B6E2C2BA7A2060039A320 /* Release */ = {
			isa = XCBuildConfiguration;
			buildSettings = {
				CODE_SIGN_STYLE = Automatic;
				DEVELOPMENT_TEAM = 96B293Z3Y9;
				ENABLE_HARDENED_RUNTIME = YES;
				PRODUCT_NAME = "$(TARGET_NAME)";
				SWIFT_VERSION = 5.0;
			};
			name = Release;
		};
/* End XCBuildConfiguration section */

/* Begin XCConfigurationList section */
		4A9B6E1E2BA7A2060039A320 /* Build configuration list for PBXProject "Algorithm" */ = {
			isa = XCConfigurationList;
			buildConfigurations = (
				4A9B6E282BA7A2060039A320 /* Debug */,
				4A9B6E292BA7A2060039A320 /* Release */,
			);
			defaultConfigurationIsVisible = 0;
			defaultConfigurationName = Release;
		};
		4A9B6E2A2BA7A2060039A320 /* Build configuration list for PBXNativeTarget "Algorithm" */ = {
			isa = XCConfigurationList;
			buildConfigurations = (
				4A9B6E2B2BA7A2060039A320 /* Debug */,
				4A9B6E2C2BA7A2060039A320 /* Release */,
			);
			defaultConfigurationIsVisible = 0;
			defaultConfigurationName = Release;
		};
/* End XCConfigurationList section */
	};
	rootObject = 4A9B6E1B2BA7A2060039A320 /* Project object */;
}
